
Microsoft Visual Studio Solution File, Format Version 12.00
# Visual Studio 14
VisualStudioVersion = 14.0.25420.1
MinimumVisualStudioVersion = 10.0.40219.1
Project("{FAE04EC0-301F-11D3-BF4B-00C04F79EFBC}") = "AeroLib", "AeroLib\AeroLib.csproj", "{0590A4AA-02F1-4742-B09C-1E6EEFDC8F9E}"
EndProject
Project("{FAE04EC0-301F-11D3-BF4B-00C04F79EFBC}") = "AeroDemo", "AeroDemo\AeroDemo.csproj", "{685A1E36-8C19-48A3-93DE-955CC9ABFFBE}"
EndProject
Global
	GlobalSection(SolutionConfigurationPlatforms) = preSolution
		Debug|Any CPU = Debug|Any CPU
		Release|Any CPU = Release|Any CPU
	EndGlobalSection
	GlobalSection(ProjectConfigurationPlatforms) = postSolution
		{0590A4AA-02F1-4742-B09C-1E6EEFDC8F9E}.Debug|Any CPU.ActiveCfg = Debug|Any CPU
		{0590A4AA-02F1-4742-B09C-1E6EEFDC8F9E}.Debug|Any CPU.Build.0 = Debug|Any CPU
		{0590A4AA-02F1-4742-B09C-1E6EEFDC8F9E}.Release|Any CPU.ActiveCfg = Release|Any CPU
		{0590A4AA-02F1-4742-B09C-1E6EEFDC8F9E}.Release|Any CPU.Build.0 = Release|Any CPU
		{685A1E36-8C19-48A3-93DE-955CC9ABFFBE}.Debug|Any CPU.ActiveCfg = Debug|Any CPU
		{685A1E36-8C19-48A3-93DE-955CC9ABFFBE}.Debug|Any CPU.Build.0 = Debug|Any CPU
		{685A1E36-8C19-48A3-93DE-955CC9ABFFBE}.Release|Any CPU.ActiveCfg = Release|Any CPU
		{685A1E36-8C19-48A3-93DE-955CC9ABFFBE}.Release|Any CPU.Build.0 = Release|Any CPU
	EndGlobalSection
	GlobalSection(SolutionProperties) = preSolution
		HideSolutionNode = FALSE
	EndGlobalSection
EndGlobal
